
Microsoft Visual Studio Solution File, Format Version 12.00
# Visual Studio Version 17
VisualStudioVersion = 17.11.35222.181
MinimumVisualStudioVersion = 10.0.40219.1
Project("{9A19103F-16F7-4668-BE54-9A1E7A4F7556}") = "SudoquMvc", "SudoquMvc\SudoquMvc.csproj", "{92AE4986-FE20-45D2-B4D6-2EB05B9007AB}"
EndProject
Project("{54A90642-561A-4BB1-A94E-469ADEE60C69}") = "sudoqureact", "SudoquReact\sudoqureact.esproj", "{32468B8F-F6ED-4C5F-9131-1EAE878C34A6}"
EndProject
Project("{FAE04EC0-301F-11D3-BF4B-00C04F79EFBC}") = "SudoquApi", "SudoquApi\SudoquApi.csproj", "{83D68514-0001-498A-A6C9-EF9D4A7067E4}"
EndProject
Global
	GlobalSection(SolutionConfigurationPlatforms) = preSolution
		Debug|Any CPU = Debug|Any CPU
		Release|Any CPU = Release|Any CPU
	EndGlobalSection
	GlobalSection(ProjectConfigurationPlatforms) = postSolution
		{92AE4986-FE20-45D2-B4D6-2EB05B9007AB}.Debug|Any CPU.ActiveCfg = Debug|Any CPU
		{92AE4986-FE20-45D2-B4D6-2EB05B9007AB}.Debug|Any CPU.Build.0 = Debug|Any CPU
		{92AE4986-FE20-45D2-B4D6-2EB05B9007AB}.Release|Any CPU.ActiveCfg = Release|Any CPU
		{92AE4986-FE20-45D2-B4D6-2EB05B9007AB}.Release|Any CPU.Build.0 = Release|Any CPU
		{32468B8F-F6ED-4C5F-9131-1EAE878C34A6}.Debug|Any CPU.ActiveCfg = Debug|Any CPU
		{32468B8F-F6ED-4C5F-9131-1EAE878C34A6}.Debug|Any CPU.Build.0 = Debug|Any CPU
		{32468B8F-F6ED-4C5F-9131-1EAE878C34A6}.Debug|Any CPU.Deploy.0 = Debug|Any CPU
		{32468B8F-F6ED-4C5F-9131-1EAE878C34A6}.Release|Any CPU.ActiveCfg = Release|Any CPU
		{32468B8F-F6ED-4C5F-9131-1EAE878C34A6}.Release|Any CPU.Build.0 = Release|Any CPU
		{32468B8F-F6ED-4C5F-9131-1EAE878C34A6}.Release|Any CPU.Deploy.0 = Release|Any CPU
		{83D68514-0001-498A-A6C9-EF9D4A7067E4}.Debug|Any CPU.ActiveCfg = Debug|Any CPU
		{83D68514-0001-498A-A6C9-EF9D4A7067E4}.Debug|Any CPU.Build.0 = Debug|Any CPU
		{83D68514-0001-498A-A6C9-EF9D4A7067E4}.Release|Any CPU.ActiveCfg = Release|Any CPU
		{83D68514-0001-498A-A6C9-EF9D4A7067E4}.Release|Any CPU.Build.0 = Release|Any CPU
	EndGlobalSection
	GlobalSection(SolutionProperties) = preSolution
		HideSolutionNode = FALSE
	EndGlobalSection
	GlobalSection(ExtensibilityGlobals) = postSolution
		SolutionGuid = {9839DD54-24AC-4E44-A2EE-35CDA5051A5D}
	EndGlobalSection
EndGlobal
